
Microsoft Visual Studio Solution File, Format Version 12.00
# Visual Studio Version 16
VisualStudioVersion = 16.0.30406.217
MinimumVisualStudioVersion = 10.0.40219.1
Project("{FAE04EC0-301F-11D3-BF4B-00C04F79EFBC}") = "HangHoa", "HangHoa\HangHoa.csproj", "{C584494B-697B-4FE0-B569-6EE4F5155857}"
EndProject
Global
	GlobalSection(SolutionConfigurationPlatforms) = preSolution
		Debug|Any CPU = Debug|Any CPU
		Release|Any CPU = Release|Any CPU
	EndGlobalSection
	GlobalSection(ProjectConfigurationPlatforms) = postSolution
		{C584494B-697B-4FE0-B569-6EE4F5155857}.Debug|Any CPU.ActiveCfg = Debug|Any CPU
		{C584494B-697B-4FE0-B569-6EE4F5155857}.Debug|Any CPU.Build.0 = Debug|Any CPU
		{C584494B-697B-4FE0-B569-6EE4F5155857}.Release|Any CPU.ActiveCfg = Release|Any CPU
		{C584494B-697B-4FE0-B569-6EE4F5155857}.Release|Any CPU.Build.0 = Release|Any CPU
	EndGlobalSection
	GlobalSection(SolutionProperties) = preSolution
		HideSolutionNode = FALSE
	EndGlobalSection
	GlobalSection(ExtensibilityGlobals) = postSolution
		SolutionGuid = {E54F33D8-BFF9-4370-B810-DBAFEA0C98ED}
	EndGlobalSection
EndGlobal
